
Microsoft Visual Studio Solution File, Format Version 12.00
# Visual Studio Version 17
VisualStudioVersion = 17.6.33712.159
MinimumVisualStudioVersion = 10.0.40219.1
Project("{FAE04EC0-301F-11D3-BF4B-00C04F79EFBC}") = "Multidimension", "Multidimension\Multidimension.csproj", "{769E1BEC-AAC0-44E4-956C-F7EDDD5658AA}"
EndProject
Global
	GlobalSection(SolutionConfigurationPlatforms) = preSolution
		Debug|Any CPU = Debug|Any CPU
		Release|Any CPU = Release|Any CPU
	EndGlobalSection
	GlobalSection(ProjectConfigurationPlatforms) = postSolution
		{769E1BEC-AAC0-44E4-956C-F7EDDD5658AA}.Debug|Any CPU.ActiveCfg = Debug|Any CPU
		{769E1BEC-AAC0-44E4-956C-F7EDDD5658AA}.Debug|Any CPU.Build.0 = Debug|Any CPU
		{769E1BEC-AAC0-44E4-956C-F7EDDD5658AA}.Release|Any CPU.ActiveCfg = Release|Any CPU
		{769E1BEC-AAC0-44E4-956C-F7EDDD5658AA}.Release|Any CPU.Build.0 = Release|Any CPU
	EndGlobalSection
	GlobalSection(SolutionProperties) = preSolution
		HideSolutionNode = FALSE
	EndGlobalSection
	GlobalSection(ExtensibilityGlobals) = postSolution
		SolutionGuid = {77533248-9C55-4887-AB92-4D7E5F69C529}
	EndGlobalSection
EndGlobal
